
Microsoft Visual Studio Solution File, Format Version 12.00
# Visual Studio Version 16
VisualStudioVersion = 25.0.1705.6
MinimumVisualStudioVersion = 10.0.40219.1
Project("{FAE04EC0-301F-11D3-BF4B-00C04F79EFBC}") = "ConcordiaDBLibrary", "ConcordiaDBLibrary\ConcordiaDBLibrary.csproj", "{92924ABC-A16A-4DFB-A903-0DE4A70C0A60}"
EndProject
Project("{FAE04EC0-301F-11D3-BF4B-00C04F79EFBC}") = "ConcordiaDBTest", "ConcordiaDBTest\ConcordiaDBTest.csproj", "{06C222EB-CEEF-41F3-BA18-9E6919DAD9DA}"
EndProject
Project("{FAE04EC0-301F-11D3-BF4B-00C04F79EFBC}") = "ConcordiaDBInitializer", "ConcordiaDBInitializer\ConcordiaDBInitializer.csproj", "{1C666D87-EF36-45FC-9291-9B9E764DBE1B}"
EndProject
Global
	GlobalSection(SolutionConfigurationPlatforms) = preSolution
		Debug|Any CPU = Debug|Any CPU
		Release|Any CPU = Release|Any CPU
	EndGlobalSection
	GlobalSection(ProjectConfigurationPlatforms) = postSolution
		{92924ABC-A16A-4DFB-A903-0DE4A70C0A60}.Debug|Any CPU.ActiveCfg = Debug|Any CPU
		{92924ABC-A16A-4DFB-A903-0DE4A70C0A60}.Debug|Any CPU.Build.0 = Debug|Any CPU
		{92924ABC-A16A-4DFB-A903-0DE4A70C0A60}.Release|Any CPU.ActiveCfg = Release|Any CPU
		{92924ABC-A16A-4DFB-A903-0DE4A70C0A60}.Release|Any CPU.Build.0 = Release|Any CPU
		{06C222EB-CEEF-41F3-BA18-9E6919DAD9DA}.Debug|Any CPU.ActiveCfg = Debug|Any CPU
		{06C222EB-CEEF-41F3-BA18-9E6919DAD9DA}.Debug|Any CPU.Build.0 = Debug|Any CPU
		{06C222EB-CEEF-41F3-BA18-9E6919DAD9DA}.Release|Any CPU.ActiveCfg = Release|Any CPU
		{06C222EB-CEEF-41F3-BA18-9E6919DAD9DA}.Release|Any CPU.Build.0 = Release|Any CPU
		{1C666D87-EF36-45FC-9291-9B9E764DBE1B}.Debug|Any CPU.ActiveCfg = Debug|Any CPU
		{1C666D87-EF36-45FC-9291-9B9E764DBE1B}.Debug|Any CPU.Build.0 = Debug|Any CPU
		{1C666D87-EF36-45FC-9291-9B9E764DBE1B}.Release|Any CPU.ActiveCfg = Release|Any CPU
		{1C666D87-EF36-45FC-9291-9B9E764DBE1B}.Release|Any CPU.Build.0 = Release|Any CPU
	EndGlobalSection
	GlobalSection(SolutionProperties) = preSolution
		HideSolutionNode = FALSE
	EndGlobalSection
	GlobalSection(ExtensibilityGlobals) = postSolution
		SolutionGuid = {A7F947B8-C23E-4C7E-A2CB-54C9AF9CAFBD}
	EndGlobalSection
EndGlobal
